// !$*UTF8*$!
{
	archiveVersion = 1;
	classes = {
	};
	objectVersion = 48;
	objects = {

/* Begin PBXBuildFile section */
		2FEACCEE1FAC342B007EC4CB /* AppDelegate.swift in Sources */ = {isa = PBXBuildFile; fileRef = 2FEACCED1FAC342B007EC4CB /* AppDelegate.swift */; };
		2FEACCF01FAC342B007EC4CB /* ViewController.swift in Sources */ = {isa = PBXBuildFile; fileRef = 2FEACCEF1FAC342B007EC4CB /* ViewController.swift */; };
		2FEACCF31FAC342B007EC4CB /* Main.storyboard in Resources */ = {isa = PBXBuildFile; fileRef = 2FEACCF11FAC342B007EC4CB /* Main.storyboard */; };
		2FEACCF51FAC342B007EC4CB /* Assets.xcassets in Resources */ = {isa = PBXBuildFile; fileRef = 2FEACCF41FAC342B007EC4CB /* Assets.xcassets */; };
		2FEACCF81FAC342B007EC4CB /* LaunchScreen.storyboard in Resources */ = {isa = PBXBuildFile; fileRef = 2FEACCF61FAC342B007EC4CB /* LaunchScreen.storyboard */; };
/* End PBXBuildFile section */

/* Begin PBXFileReference section */
		2FEACCEA1FAC342B007EC4CB /* Onepost.app */ = {isa = PBXFileReference; explicitFileType = wrapper.application; includeInIndex = 0; path = Onepost.app; sourceTree = BUILT_PRODUCTS_DIR; };
		2FEACCED1FAC342B007EC4CB /* AppDelegate.swift */ = {isa = PBXFileReference; lastKnownFileType = sourcecode.swift; path = AppDelegate.swift; sourceTree = "<group>"; };
		2FEACCEF1FAC342B007EC4CB /* ViewController.swift */ = {isa = PBXFileReference; lastKnownFileType = sourcecode.swift; path = ViewController.swift; sourceTree = "<group>"; };
		2FEACCF21FAC342B007EC4CB /* Base */ = {isa = PBXFileReference; lastKnownFileType = file.storyboard; name = Base; path = Base.lproj/Main.storyboard; sourceTree = "<group>"; };
		2FEACCF41FAC342B007EC4CB /* Assets.xcassets */ = {isa = PBXFileReference; lastKnownFileType = folder.assetcatalog; path = Assets.xcassets; sourceTree = "<group>"; };
		2FEACCF71FAC342B007EC4CB /* Base */ = {isa = PBXFileReference; lastKnownFileType = file.storyboard; name = Base; path = Base.lproj/LaunchScreen.storyboard; sourceTree = "<group>"; };
		2FEACCF91FAC342B007EC4CB /* Info.plist */ = {isa = PBXFileReference; lastKnownFileType = text.plist.xml; path = Info.plist; sourceTree = "<group>"; };
/* End PBXFileReference section */

/* Begin PBXFrameworksBuildPhase section */
		2FEACCE71FAC342B007EC4CB /* Frameworks */ = {
			isa = PBXFrameworksBuildPhase;
			buildActionMask = 2147483647;
			files = (
			);
			runOnlyForDeploymentPostprocessing = 0;
		};
/* End PBXFrameworksBuildPhase section */

/* Begin PBXGroup section */
		2FEACCE11FAC342B007EC4CB = {
			isa = PBXGroup;
			children = (
				2FEACCEC1FAC342B007EC4CB /* Onepost */,
				2FEACCEB1FAC342B007EC4CB /* Products */,
			);
			sourceTree = "<group>";
		};
		2FEACCEB1FAC342B007EC4CB /* Products */ = {
			isa = PBXGroup;
			children = (
				2FEACCEA1FAC342B007EC4CB /* Onepost.app */,
			);
			name = Products;
			sourceTree = "<group>";
		};
		2FEACCEC1FAC342B007EC4CB /* Onepost */ = {
			isa = PBXGroup;
			children = (
				2FEACCED1FAC342B007EC4CB /* AppDelegate.swift */,
				2FEACCEF1FAC342B007EC4CB /* ViewController.swift */,
				2FEACCF11FAC342B007EC4CB /* Main.storyboard */,
				2FEACCF41FAC342B007EC4CB /* Assets.xcassets */,
				2FEACCF61FAC342B007EC4CB /* LaunchScreen.storyboard */,
				2FEACCF91FAC342B007EC4CB /* Info.plist */,
			);
			path = Onepost;
			sourceTree = "<group>";
		};
/* End PBXGroup section */

/* Begin PBXNativeTarget section */
		2FEACCE91FAC342B007EC4CB /* Onepost */ = {
			isa = PBXNativeTarget;
			buildConfigurationList = 2FEACCFC1FAC342B007EC4CB /* Build configuration list for PBXNativeTarget "Onepost" */;
			buildPhases = (
				2FEACCE61FAC342B007EC4CB /* Sources */,
				2FEACCE71FAC342B007EC4CB /* Frameworks */,
				2FEACCE81FAC342B007EC4CB /* Resources */,
			);
			buildRules = (
			);
			dependencies = (
			);
			name = Onepost;
			productName = Onepost;
			productReference = 2FEACCEA1FAC342B007EC4CB /* Onepost.app */;
			productType = "com.apple.product-type.application";
		};
/* End PBXNativeTarget section */

/* Begin PBXProject section */
		2FEACCE21FAC342B007EC4CB /* Project object */ = {
			isa = PBXProject;
			attributes = {
				LastSwiftUpdateCheck = 0910;
				LastUpgradeCheck = 0910;
				ORGANIZATIONNAME = "Xiao Yang";
				TargetAttributes = {
					2FEACCE91FAC342B007EC4CB = {
						CreatedOnToolsVersion = 9.1;
						ProvisioningStyle = Automatic;
					};
				};
			};
			buildConfigurationList = 2FEACCE51FAC342B007EC4CB /* Build configuration list for PBXProject "Onepost" */;
			compatibilityVersion = "Xcode 8.0";
			developmentRegion = en;
			hasScannedForEncodings = 0;
			knownRegions = (
				en,
				Base,
			);
			mainGroup = 2FEACCE11FAC342B007EC4CB;
			productRefGroup = 2FEACCEB1FAC342B007EC4CB /* Products */;
			projectDirPath = "";
			projectRoot = "";
			targets = (
				2FEACCE91FAC342B007EC4CB /* Onepost */,
			);
		};
/* End PBXProject section */

/* Begin PBXResourcesBuildPhase section */
		2FEACCE81FAC342B007EC4CB /* Resources */ = {
			isa = PBXResourcesBuildPhase;
			buildActionMask = 2147483647;
			files = (
				2FEACCF81FAC342B007EC4CB /* LaunchScreen.storyboard in Resources */,
				2FEACCF51FAC342B007EC4CB /* Assets.xcassets in Resources */,
				2FEACCF31FAC342B007EC4CB /* Main.storyboard in Resources */,
			);
			runOnlyForDeploymentPostprocessing = 0;
		};
/* End PBXResourcesBuildPhase section */

/* Begin PBXSourcesBuildPhase section */
		2FEACCE61FAC342B007EC4CB /* Sources */ = {
			isa = PBXSourcesBuildPhase;
			buildActionMask = 2147483647;
			files = (
				2FEACCF01FAC342B007EC4CB /* ViewController.swift in Sources */,
				2FEACCEE1FAC342B007EC4CB /* AppDelegate.swift in Sources */,
			);
			runOnlyForDeploymentPostprocessing = 0;
		};
/* End PBXSourcesBuildPhase section */

/* Begin PBXVariantGroup section */
		2FEACCF11FAC342B007EC4CB /* Main.storyboard */ = {
			isa = PBXVariantGroup;
			children = (
				2FEACCF21FAC342B007EC4CB /* Base */,
			);
			name = Main.storyboard;
			sourceTree = "<group>";
		};
		2FEACCF61FAC342B007EC4CB /* LaunchScreen.storyboard */ = {
			isa = PBXVariantGroup;
			children = (
				2FEACCF71FAC342B007EC4CB /* Base */,
			);
			name = LaunchScreen.storyboard;
			sourceTree = "<group>";
		};
/* End PBXVariantGroup section */

/* Begin XCBuildConfiguration section */
		2FEACCFA1FAC342B007EC4CB /* Debug */ = {
			isa = XCBuildConfiguration;
			buildSettings = {
				ALWAYS_SEARCH_USER_PATHS = NO;
				CLANG_ANALYZER_NONNULL = YES;
				CLANG_ANALYZER_NUMBER_OBJECT_CONVERSION = YES_AGGRESSIVE;
				CLANG_CXX_LANGUAGE_STANDARD = "gnu++14";
				CLANG_CXX_LIBRARY = "libc++";
				CLANG_ENABLE_MODULES = YES;
				CLANG_ENABLE_OBJC_ARC = YES;
				CLANG_WARN_BLOCK_CAPTURE_AUTORELEASING = YES;
				CLANG_WARN_BOOL_CONVERSION = YES;
				CLANG_WARN_COMMA = YES;
				CLANG_WARN_CONSTANT_CONVERSION = YES;
				CLANG_WARN_DIRECT_OBJC_ISA_USAGE = YES_ERROR;
				CLANG_WARN_DOCUMENTATION_COMMENTS = YES;
				CLANG_WARN_EMPTY_BODY = YES;
				CLANG_WARN_ENUM_CONVERSION = YES;
				CLANG_WARN_INFINITE_RECURSION = YES;
				CLANG_WARN_INT_CONVERSION = YES;
				CLANG_WARN_NON_LITERAL_NULL_CONVERSION = YES;
				CLANG_WARN_OBJC_LITERAL_CONVERSION = YES;
				CLANG_WARN_OBJC_ROOT_CLASS = YES_ERROR;
				CLANG_WARN_RANGE_LOOP_ANALYSIS = YES;
				CLANG_WARN_STRICT_PROTOTYPES = YES;
				CLANG_WARN_SUSPICIOUS_MOVE = YES;
				CLANG_WARN_UNGUARDED_AVAILABILITY = YES_AGGRESSIVE;
				CLANG_WARN_UNREACHABLE_CODE = YES;
				CLANG_WARN__DUPLICATE_METHOD_MATCH = YES;
				CODE_SIGN_IDENTITY = "iPhone Developer";
				COPY_PHASE_STRIP = NO;
				DEBUG_INFORMATION_FORMAT = dwarf;
				ENABLE_STRICT_OBJC_MSGSEND = YES;
				ENABLE_TESTABILITY = YES;
				GCC_C_LANGUAGE_STANDARD = gnu11;
				GCC_DYNAMIC_NO_PIC = NO;
				GCC_NO_COMMON_BLOCKS = YES;
				GCC_OPTIMIZATION_LEVEL = 0;
				GCC_PREPROCESSOR_DEFINITIONS = (
					"DEBUG=1",
					"$(inherited)",
				);
				GCC_WARN_64_TO_32_BIT_CONVERSION = YES;
				GCC_WARN_ABOUT_RETURN_TYPE = YES_ERROR;
				GCC_WARN_UNDECLARED_SELECTOR = YES;
				GCC_WARN_UNINITIALIZED_AUTOS = YES_AGGRESSIVE;
				GCC_WARN_UNUSED_FUNCTION = YES;
				GCC_WARN_UNUSED_VARIABLE = YES;
				IPHONEOS_DEPLOYMENT_TARGET = 11.1;
				MTL_ENABLE_DEBUG_INFO = YES;
				ONLY_ACTIVE_ARCH = YES;
				SDKROOT = iphoneos;
				SWIFT_ACTIVE_COMPILATION_CONDITIONS = DEBUG;
				SWIFT_OPTIMIZATION_LEVEL = "-Onone";
			};
			name = Debug;
		};
		2FEACCFB1FAC342B007EC4CB /* Release */ = {
			isa = XCBuildConfiguration;
			buildSettings = {
				ALWAYS_SEARCH_USER_PATHS = NO;
				CLANG_ANALYZER_NONNULL = YES;
				CLANG_ANALYZER_NUMBER_OBJECT_CONVERSION = YES_AGGRESSIVE;
				CLANG_CXX_LANGUAGE_STANDARD = "gnu++14";
				CLANG_CXX_LIBRARY = "libc++";
				CLANG_ENABLE_MODULES = YES;
				CLANG_ENABLE_OBJC_ARC = YES;
				CLANG_WARN_BLOCK_CAPTURE_AUTORELEASING = YES;
				CLANG_WARN_BOOL_CONVERSION = YES;
				CLANG_WARN_COMMA = YES;
				CLANG_WARN_CONSTANT_CONVERSION = YES;
				CLANG_WARN_DIRECT_OBJC_ISA_USAGE = YES_ERROR;
				CLANG_WARN_DOCUMENTATION_COMMENTS = YES;
				CLANG_WARN_EMPTY_BODY = YES;
				CLANG_WARN_ENUM_CONVERSION = YES;
				CLANG_WARN_INFINITE_RECURSION = YES;
				CLANG_WARN_INT_CONVERSION = YES;
				CLANG_WARN_NON_LITERAL_NULL_CONVERSION = YES;
				CLANG_WARN_OBJC_LITERAL_CONVERSION = YES;
				CLANG_WARN_OBJC_ROOT_CLASS = YES_ERROR;
				CLANG_WARN_RANGE_LOOP_ANALYSIS = YES;
				CLANG_WARN_STRICT_PROTOTYPES = YES;
				CLANG_WARN_SUSPICIOUS_MOVE = YES;
				CLANG_WARN_UNGUARDED_AVAILABILITY = YES_AGGRESSIVE;
				CLANG_WARN_UNREACHABLE_CODE = YES;
				CLANG_WARN__DUPLICATE_METHOD_MATCH = YES;
				CODE_SIGN_IDENTITY = "iPhone Developer";
				COPY_PHASE_STRIP = NO;
				DEBUG_INFORMATION_FORMAT = "dwarf-with-dsym";
				ENABLE_NS_ASSERTIONS = NO;
				ENABLE_STRICT_OBJC_MSGSEND = YES;
				GCC_C_LANGUAGE_STANDARD = gnu11;
				GCC_NO_COMMON_BLOCKS = YES;
				GCC_WARN_64_TO_32_BIT_CONVERSION = YES;
				GCC_WARN_ABOUT_RETURN_TYPE = YES_ERROR;
				GCC_WARN_UNDECLARED_SELECTOR = YES;
				GCC_WARN_UNINITIALIZED_AUTOS = YES_AGGRESSIVE;
				GCC_WARN_UNUSED_FUNCTION = YES;
				GCC_WARN_UNUSED_VARIABLE = YES;
				IPHONEOS_DEPLOYMENT_TARGET = 11.1;
				MTL_ENABLE_DEBUG_INFO = NO;
				SDKROOT = iphoneos;
				SWIFT_OPTIMIZATION_LEVEL = "-Owholemodule";
				VALIDATE_PRODUCT = YES;
			};
			name = Release;
		};
		2FEACCFD1FAC342B007EC4CB /* Debug */ = {
			isa = XCBuildConfiguration;
			buildSettings = {
				ASSETCATALOG_COMPILER_APPICON_NAME = AppIcon;
				CODE_SIGN_STYLE = Automatic;
				DEVELOPMENT_TEAM = UG9ZPVE66D;
				INFOPLIST_FILE = Onepost/Info.plist;
				LD_RUNPATH_SEARCH_PATHS = "$(inherited) @executable_path/Frameworks";
				PRODUCT_BUNDLE_IDENTIFIER = com.xiaoyang.Onepost;
				PRODUCT_NAME = "$(TARGET_NAME)";
				SWIFT_VERSION = 4.0;
				TARGETED_DEVICE_FAMILY = "1,2";
			};
			name = Debug;
		};
		2FEACCFE1FAC342B007EC4CB /* Release */ = {
			isa = XCBuildConfiguration;
			buildSettings = {
				ASSETCATALOG_COMPILER_APPICON_NAME = AppIcon;
				CODE_SIGN_STYLE = Automatic;
				DEVELOPMENT_TEAM = UG9ZPVE66D;
				INFOPLIST_FILE = Onepost/Info.plist;
				LD_RUNPATH_SEARCH_PATHS = "$(inherited) @executable_path/Frameworks";
				PRODUCT_BUNDLE_IDENTIFIER = com.xiaoyang.Onepost;
				PRODUCT_NAME = "$(TARGET_NAME)";
				SWIFT_VERSION = 4.0;
				TARGETED_DEVICE_FAMILY = "1,2";
			};
			name = Release;
		};
/* End XCBuildConfiguration section */

/* Begin XCConfigurationList section */
		2FEACCE51FAC342B007EC4CB /* Build configuration list for PBXProject "Onepost" */ = {
			isa = XCConfigurationList;
			buildConfigurations = (
				2FEACCFA1FAC342B007EC4CB /* Debug */,
				2FEACCFB1FAC342B007EC4CB /* Release */,
			);
			defaultConfigurationIsVisible = 0;
			defaultConfigurationName = Release;
		};
		2FEACCFC1FAC342B007EC4CB /* Build configuration list for PBXNativeTarget "Onepost" */ = {
			isa = XCConfigurationList;
			buildConfigurations = (
				2FEACCFD1FAC342B007EC4CB /* Debug */,
				2FEACCFE1FAC342B007EC4CB /* Release */,
			);
			defaultConfigurationIsVisible = 0;
			defaultConfigurationName = Release;
		};
/* End XCConfigurationList section */
	};
	rootObject = 2FEACCE21FAC342B007EC4CB /* Project object */;
}
